
Microsoft Visual Studio Solution File, Format Version 12.00
# Visual Studio Version 17
VisualStudioVersion = 17.9.34607.119
MinimumVisualStudioVersion = 10.0.40219.1
Project("{FAE04EC0-301F-11D3-BF4B-00C04F79EFBC}") = "Mission11_Zhang", "Mission11_Zhang\Mission11_Zhang.csproj", "{532310EE-89AE-4F40-BAE0-0C2607FA7F27}"
EndProject
Global
	GlobalSection(SolutionConfigurationPlatforms) = preSolution
		Debug|Any CPU = Debug|Any CPU
		Release|Any CPU = Release|Any CPU
	EndGlobalSection
	GlobalSection(ProjectConfigurationPlatforms) = postSolution
		{532310EE-89AE-4F40-BAE0-0C2607FA7F27}.Debug|Any CPU.ActiveCfg = Debug|Any CPU
		{532310EE-89AE-4F40-BAE0-0C2607FA7F27}.Debug|Any CPU.Build.0 = Debug|Any CPU
		{532310EE-89AE-4F40-BAE0-0C2607FA7F27}.Release|Any CPU.ActiveCfg = Release|Any CPU
		{532310EE-89AE-4F40-BAE0-0C2607FA7F27}.Release|Any CPU.Build.0 = Release|Any CPU
	EndGlobalSection
	GlobalSection(SolutionProperties) = preSolution
		HideSolutionNode = FALSE
	EndGlobalSection
	GlobalSection(ExtensibilityGlobals) = postSolution
		SolutionGuid = {E2406794-A9BE-4741-ACEF-0D0CEA32CD9A}
	EndGlobalSection
EndGlobal
